// !$*UTF8*$!
{
	archiveVersion = 1;
	classes = {
	};
	objectVersion = 46;
	objects = {

/* Begin PBXBuildFile section */
		1A3C7176118F4E0A00EE06ED /* CoreLocation.framework in Frameworks */ = {isa = PBXBuildFile; fileRef = 1A3C7175118F4E0A00EE06ED /* CoreLocation.framework */; };
		1A3C719D118F4EEC00EE06ED /* CrumbPath.m in Sources */ = {isa = PBXBuildFile; fileRef = 1A3C719C118F4EEC00EE06ED /* CrumbPath.m */; };
		1A3C71A7118F65C400EE06ED /* CrumbPathView.m in Sources */ = {isa = PBXBuildFile; fileRef = 1A3C71A6118F65C400EE06ED /* CrumbPathView.m */; };
		1D3623260D0F684500981E51 /* BreadcrumbAppDelegate.m in Sources */ = {isa = PBXBuildFile; fileRef = 1D3623250D0F684500981E51 /* BreadcrumbAppDelegate.m */; };
		1D60589B0D05DD56006BFB54 /* main.m in Sources */ = {isa = PBXBuildFile; fileRef = 29B97316FDCFA39411CA2CEA /* main.m */; };
		1D60589F0D05DD5A006BFB54 /* Foundation.framework in Frameworks */ = {isa = PBXBuildFile; fileRef = 1D30AB110D05D00D00671497 /* Foundation.framework */; };
		1DF5F4E00D08C38300B7A737 /* UIKit.framework in Frameworks */ = {isa = PBXBuildFile; fileRef = 1DF5F4DF0D08C38300B7A737 /* UIKit.framework */; };
		288765A50DF7441C002DB57D /* CoreGraphics.framework in Frameworks */ = {isa = PBXBuildFile; fileRef = 288765A40DF7441C002DB57D /* CoreGraphics.framework */; };
		28D7ACF80DDB3853001CB0EB /* BreadcrumbViewController.m in Sources */ = {isa = PBXBuildFile; fileRef = 28D7ACF70DDB3853001CB0EB /* BreadcrumbViewController.m */; };
		53025D4D11DD5352007F367B /* Icon-72.png in Resources */ = {isa = PBXBuildFile; fileRef = 53025D4611DD5352007F367B /* Icon-72.png */; };
		53025D4E11DD5352007F367B /* Icon-Small-50.png in Resources */ = {isa = PBXBuildFile; fileRef = 53025D4711DD5352007F367B /* Icon-Small-50.png */; };
		53025D4F11DD5352007F367B /* Icon-Small.png in Resources */ = {isa = PBXBuildFile; fileRef = 53025D4811DD5352007F367B /* Icon-Small.png */; };
		53025D5011DD5352007F367B /* Icon-Small@2x.png in Resources */ = {isa = PBXBuildFile; fileRef = 53025D4911DD5352007F367B /* Icon-Small@2x.png */; };
		53025D5111DD5352007F367B /* Icon.png in Resources */ = {isa = PBXBuildFile; fileRef = 53025D4A11DD5352007F367B /* Icon.png */; };
		53025D5211DD5352007F367B /* Icon@2x.png in Resources */ = {isa = PBXBuildFile; fileRef = 53025D4B11DD5352007F367B /* Icon@2x.png */; };
		53025D5311DD5352007F367B /* iTunesArtwork in Resources */ = {isa = PBXBuildFile; fileRef = 53025D4C11DD5352007F367B /* iTunesArtwork */; };
		537DEEB7124820F8003DF1C9 /* Hero.aiff in Resources */ = {isa = PBXBuildFile; fileRef = 537DEEB6124820F8003DF1C9 /* Hero.aiff */; };
		53A6574011DBF7F900BEC507 /* BreadcrumbViewController.xib in Resources */ = {isa = PBXBuildFile; fileRef = 53A6573C11DBF7F900BEC507 /* BreadcrumbViewController.xib */; };
		53A6574111DBF7F900BEC507 /* MainWindow.xib in Resources */ = {isa = PBXBuildFile; fileRef = 53A6573E11DBF7F900BEC507 /* MainWindow.xib */; };
		53DEB89F1249591200860C26 /* AVFoundation.framework in Frameworks */ = {isa = PBXBuildFile; fileRef = 53DEB89E1249591200860C26 /* AVFoundation.framework */; };
		53DEB8A71249592A00860C26 /* AudioToolbox.framework in Frameworks */ = {isa = PBXBuildFile; fileRef = 53DEB8A61249592A00860C26 /* AudioToolbox.framework */; };
		88104A1A162E186100914A27 /* QuartzCore.framework in Frameworks */ = {isa = PBXBuildFile; fileRef = 88104A19162E186100914A27 /* QuartzCore.framework */; };
		88104A1C162E186A00914A27 /* CoreText.framework in Frameworks */ = {isa = PBXBuildFile; fileRef = 88104A1B162E186A00914A27 /* CoreText.framework */; };
		88104A20162E187D00914A27 /* MediaPlayer.framework in Frameworks */ = {isa = PBXBuildFile; fileRef = 88104A1F162E187D00914A27 /* MediaPlayer.framework */; };
		88104A22162E188700914A27 /* MobileCoreServices.framework in Frameworks */ = {isa = PBXBuildFile; fileRef = 88104A21162E188700914A27 /* MobileCoreServices.framework */; };
		88104A24162E189000914A27 /* libz.dylib in Frameworks */ = {isa = PBXBuildFile; fileRef = 88104A23162E189000914A27 /* libz.dylib */; };
		88104A26162E189500914A27 /* Security.framework in Frameworks */ = {isa = PBXBuildFile; fileRef = 88104A25162E189500914A27 /* Security.framework */; };
		88104A33162E1BAF00914A27 /* Default-568h@2x.png in Resources */ = {isa = PBXBuildFile; fileRef = 88104A32162E1BAF00914A27 /* Default-568h@2x.png */; };
		8863F45416826BEB00B6FE8D /* AnnotationTemplate.m in Sources */ = {isa = PBXBuildFile; fileRef = 8863F43816826BEB00B6FE8D /* AnnotationTemplate.m */; };
		8863F45516826BEB00B6FE8D /* AnnotationViewController.m in Sources */ = {isa = PBXBuildFile; fileRef = 8863F43A16826BEB00B6FE8D /* AnnotationViewController.m */; };
		8863F45616826BEB00B6FE8D /* AnnotationViewController.xib in Resources */ = {isa = PBXBuildFile; fileRef = 8863F43B16826BEB00B6FE8D /* AnnotationViewController.xib */; };
		8863F45716826BEB00B6FE8D /* MKAnnotationView.m in Sources */ = {isa = PBXBuildFile; fileRef = 8863F43F16826BEB00B6FE8D /* MKAnnotationView.m */; };
		8863F45816826BEB00B6FE8D /* MKGeometry.m in Sources */ = {isa = PBXBuildFile; fileRef = 8863F44316826BEB00B6FE8D /* MKGeometry.m */; };
		8863F45916826BEB00B6FE8D /* MKMapView.m in Sources */ = {isa = PBXBuildFile; fileRef = 8863F44516826BEB00B6FE8D /* MKMapView.m */; };
		8863F45A16826BEB00B6FE8D /* MKOverlay.m in Sources */ = {isa = PBXBuildFile; fileRef = 8863F44716826BEB00B6FE8D /* MKOverlay.m */; };
		8863F45B16826BEB00B6FE8D /* MKOverlayView.m in Sources */ = {isa = PBXBuildFile; fileRef = 8863F44916826BEB00B6FE8D /* MKOverlayView.m */; };
		8863F45C16826BEB00B6FE8D /* MKPinAnnotationView.m in Sources */ = {isa = PBXBuildFile; fileRef = 8863F44B16826BEB00B6FE8D /* MKPinAnnotationView.m */; };
		8863F45D16826BEB00B6FE8D /* MKPlaceMark.m in Sources */ = {isa = PBXBuildFile; fileRef = 8863F44D16826BEB00B6FE8D /* MKPlaceMark.m */; };
		8863F45E16826BEB00B6FE8D /* MKUserLocation.m in Sources */ = {isa = PBXBuildFile; fileRef = 8863F45016826BEB00B6FE8D /* MKUserLocation.m */; };
		8863F45F16826BEB00B6FE8D /* esriLogo@2x.png in Resources */ = {isa = PBXBuildFile; fileRef = 8863F45316826BEB00B6FE8D /* esriLogo@2x.png */; };
		887F764216838AFF009D58BA /* OpenGLES.framework in Frameworks */ = {isa = PBXBuildFile; fileRef = 887F764116838AFF009D58BA /* OpenGLES.framework */; };
		887F76431683C6B2009D58BA /* libc++.dylib in Frameworks */ = {isa = PBXBuildFile; fileRef = 887F763F16838AFB009D58BA /* libc++.dylib */; };
/* End PBXBuildFile section */

/* Begin PBXFileReference section */
		1A3C7175118F4E0A00EE06ED /* CoreLocation.framework */ = {isa = PBXFileReference; lastKnownFileType = wrapper.framework; name = CoreLocation.framework; path = System/Library/Frameworks/CoreLocation.framework; sourceTree = SDKROOT; };
		1A3C719B118F4EEC00EE06ED /* CrumbPath.h */ = {isa = PBXFileReference; fileEncoding = 4; lastKnownFileType = sourcecode.c.h; path = CrumbPath.h; sourceTree = "<group>"; };
		1A3C719C118F4EEC00EE06ED /* CrumbPath.m */ = {isa = PBXFileReference; fileEncoding = 4; lastKnownFileType = sourcecode.c.objc; path = CrumbPath.m; sourceTree = "<group>"; };
		1A3C71A5118F65C400EE06ED /* CrumbPathView.h */ = {isa = PBXFileReference; fileEncoding = 4; lastKnownFileType = sourcecode.c.h; path = CrumbPathView.h; sourceTree = "<group>"; };
		1A3C71A6118F65C400EE06ED /* CrumbPathView.m */ = {isa = PBXFileReference; fileEncoding = 4; lastKnownFileType = sourcecode.c.objc; path = CrumbPathView.m; sourceTree = "<group>"; };
		1D30AB110D05D00D00671497 /* Foundation.framework */ = {isa = PBXFileReference; lastKnownFileType = wrapper.framework; name = Foundation.framework; path = System/Library/Frameworks/Foundation.framework; sourceTree = SDKROOT; };
		1D3623240D0F684500981E51 /* BreadcrumbAppDelegate.h */ = {isa = PBXFileReference; fileEncoding = 4; lastKnownFileType = sourcecode.c.h; path = BreadcrumbAppDelegate.h; sourceTree = "<group>"; };
		1D3623250D0F684500981E51 /* BreadcrumbAppDelegate.m */ = {isa = PBXFileReference; fileEncoding = 4; lastKnownFileType = sourcecode.c.objc; path = BreadcrumbAppDelegate.m; sourceTree = "<group>"; };
		1D6058910D05DD3D006BFB54 /* Breadcrumb.app */ = {isa = PBXFileReference; explicitFileType = wrapper.application; includeInIndex = 0; path = Breadcrumb.app; sourceTree = BUILT_PRODUCTS_DIR; };
		1DF5F4DF0D08C38300B7A737 /* UIKit.framework */ = {isa = PBXFileReference; lastKnownFileType = wrapper.framework; name = UIKit.framework; path = System/Library/Frameworks/UIKit.framework; sourceTree = SDKROOT; };
		288765A40DF7441C002DB57D /* CoreGraphics.framework */ = {isa = PBXFileReference; lastKnownFileType = wrapper.framework; name = CoreGraphics.framework; path = System/Library/Frameworks/CoreGraphics.framework; sourceTree = SDKROOT; };
		28D7ACF60DDB3853001CB0EB /* BreadcrumbViewController.h */ = {isa = PBXFileReference; fileEncoding = 4; lastKnownFileType = sourcecode.c.h; path = BreadcrumbViewController.h; sourceTree = "<group>"; };
		28D7ACF70DDB3853001CB0EB /* BreadcrumbViewController.m */ = {isa = PBXFileReference; fileEncoding = 4; lastKnownFileType = sourcecode.c.objc; path = BreadcrumbViewController.m; sourceTree = "<group>"; };
		29B97316FDCFA39411CA2CEA /* main.m */ = {isa = PBXFileReference; fileEncoding = 4; lastKnownFileType = sourcecode.c.objc; path = main.m; sourceTree = "<group>"; };
		32CA4F630368D1EE00C91783 /* Breadcrumb_Prefix.pch */ = {isa = PBXFileReference; fileEncoding = 4; lastKnownFileType = sourcecode.c.h; path = Breadcrumb_Prefix.pch; sourceTree = "<group>"; };
		53025D4611DD5352007F367B /* Icon-72.png */ = {isa = PBXFileReference; lastKnownFileType = image.png; path = "Icon-72.png"; sourceTree = "<group>"; };
		53025D4711DD5352007F367B /* Icon-Small-50.png */ = {isa = PBXFileReference; lastKnownFileType = image.png; path = "Icon-Small-50.png"; sourceTree = "<group>"; };
		53025D4811DD5352007F367B /* Icon-Small.png */ = {isa = PBXFileReference; lastKnownFileType = image.png; path = "Icon-Small.png"; sourceTree = "<group>"; };
		53025D4911DD5352007F367B /* Icon-Small@2x.png */ = {isa = PBXFileReference; lastKnownFileType = image.png; path = "Icon-Small@2x.png"; sourceTree = "<group>"; };
		53025D4A11DD5352007F367B /* Icon.png */ = {isa = PBXFileReference; lastKnownFileType = image.png; path = Icon.png; sourceTree = "<group>"; };
		53025D4B11DD5352007F367B /* Icon@2x.png */ = {isa = PBXFileReference; lastKnownFileType = image.png; path = "Icon@2x.png"; sourceTree = "<group>"; };
		53025D4C11DD5352007F367B /* iTunesArtwork */ = {isa = PBXFileReference; lastKnownFileType = file; path = iTunesArtwork; sourceTree = "<group>"; };
		532F37D4121C38EB0025B0F4 /* ReadMe.txt */ = {isa = PBXFileReference; fileEncoding = 4; lastKnownFileType = text; path = ReadMe.txt; sourceTree = "<group>"; };
		537DEEB6124820F8003DF1C9 /* Hero.aiff */ = {isa = PBXFileReference; lastKnownFileType = audio.aiff; path = Hero.aiff; sourceTree = "<group>"; };
		53A6573D11DBF7F900BEC507 /* en */ = {isa = PBXFileReference; lastKnownFileType = file.xib; name = en; path = en.lproj/BreadcrumbViewController.xib; sourceTree = "<group>"; };
		53A6573F11DBF7F900BEC507 /* en */ = {isa = PBXFileReference; lastKnownFileType = file.xib; name = en; path = en.lproj/MainWindow.xib; sourceTree = "<group>"; };
		53DEB89E1249591200860C26 /* AVFoundation.framework */ = {isa = PBXFileReference; lastKnownFileType = wrapper.framework; name = AVFoundation.framework; path = System/Library/Frameworks/AVFoundation.framework; sourceTree = SDKROOT; };
		53DEB8A61249592A00860C26 /* AudioToolbox.framework */ = {isa = PBXFileReference; lastKnownFileType = wrapper.framework; name = AudioToolbox.framework; path = System/Library/Frameworks/AudioToolbox.framework; sourceTree = SDKROOT; };
		88104A19162E186100914A27 /* QuartzCore.framework */ = {isa = PBXFileReference; lastKnownFileType = wrapper.framework; name = QuartzCore.framework; path = System/Library/Frameworks/QuartzCore.framework; sourceTree = SDKROOT; };
		88104A1B162E186A00914A27 /* CoreText.framework */ = {isa = PBXFileReference; lastKnownFileType = wrapper.framework; name = CoreText.framework; path = System/Library/Frameworks/CoreText.framework; sourceTree = SDKROOT; };
		88104A1D162E187600914A27 /* libstdc++.dylib */ = {isa = PBXFileReference; lastKnownFileType = "compiled.mach-o.dylib"; name = "libstdc++.dylib"; path = "usr/lib/libstdc++.dylib"; sourceTree = SDKROOT; };
		88104A1F162E187D00914A27 /* MediaPlayer.framework */ = {isa = PBXFileReference; lastKnownFileType = wrapper.framework; name = MediaPlayer.framework; path = System/Library/Frameworks/MediaPlayer.framework; sourceTree = SDKROOT; };
		88104A21162E188700914A27 /* MobileCoreServices.framework */ = {isa = PBXFileReference; lastKnownFileType = wrapper.framework; name = MobileCoreServices.framework; path = System/Library/Frameworks/MobileCoreServices.framework; sourceTree = SDKROOT; };
		88104A23162E189000914A27 /* libz.dylib */ = {isa = PBXFileReference; lastKnownFileType = "compiled.mach-o.dylib"; name = libz.dylib; path = usr/lib/libz.dylib; sourceTree = SDKROOT; };
		88104A25162E189500914A27 /* Security.framework */ = {isa = PBXFileReference; lastKnownFileType = wrapper.framework; name = Security.framework; path = System/Library/Frameworks/Security.framework; sourceTree = SDKROOT; };
		88104A32162E1BAF00914A27 /* Default-568h@2x.png */ = {isa = PBXFileReference; lastKnownFileType = image.png; path = "Default-568h@2x.png"; sourceTree = "<group>"; };
		8863F43416826AB100B6FE8D /* MapKit.framework */ = {isa = PBXFileReference; lastKnownFileType = wrapper.framework; name = MapKit.framework; path = System/Library/Frameworks/MapKit.framework; sourceTree = SDKROOT; };
		8863F43716826BEB00B6FE8D /* AnnotationTemplate.h */ = {isa = PBXFileReference; fileEncoding = 4; lastKnownFileType = sourcecode.c.h; path = AnnotationTemplate.h; sourceTree = "<group>"; };
		8863F43816826BEB00B6FE8D /* AnnotationTemplate.m */ = {isa = PBXFileReference; fileEncoding = 4; lastKnownFileType = sourcecode.c.objc; path = AnnotationTemplate.m; sourceTree = "<group>"; };
		8863F43916826BEB00B6FE8D /* AnnotationViewController.h */ = {isa = PBXFileReference; fileEncoding = 4; lastKnownFileType = sourcecode.c.h; path = AnnotationViewController.h; sourceTree = "<group>"; };
		8863F43A16826BEB00B6FE8D /* AnnotationViewController.m */ = {isa = PBXFileReference; fileEncoding = 4; lastKnownFileType = sourcecode.c.objc; path = AnnotationViewController.m; sourceTree = "<group>"; };
		8863F43B16826BEB00B6FE8D /* AnnotationViewController.xib */ = {isa = PBXFileReference; fileEncoding = 4; lastKnownFileType = file.xib; path = AnnotationViewController.xib; sourceTree = "<group>"; };
		8863F43C16826BEB00B6FE8D /* MapKit.h */ = {isa = PBXFileReference; fileEncoding = 4; lastKnownFileType = sourcecode.c.h; path = MapKit.h; sourceTree = "<group>"; };
		8863F43D16826BEB00B6FE8D /* MKAnnotation.h */ = {isa = PBXFileReference; fileEncoding = 4; lastKnownFileType = sourcecode.c.h; path = MKAnnotation.h; sourceTree = "<group>"; };
		8863F43E16826BEB00B6FE8D /* MKAnnotationView.h */ = {isa = PBXFileReference; fileEncoding = 4; lastKnownFileType = sourcecode.c.h; path = MKAnnotationView.h; sourceTree = "<group>"; };
		8863F43F16826BEB00B6FE8D /* MKAnnotationView.m */ = {isa = PBXFileReference; fileEncoding = 4; lastKnownFileType = sourcecode.c.objc; path = MKAnnotationView.m; sourceTree = "<group>"; };
		8863F44016826BEB00B6FE8D /* MKDelegate.h */ = {isa = PBXFileReference; fileEncoding = 4; lastKnownFileType = sourcecode.c.h; path = MKDelegate.h; sourceTree = "<group>"; };
		8863F44116826BEB00B6FE8D /* MKFoundation.h */ = {isa = PBXFileReference; fileEncoding = 4; lastKnownFileType = sourcecode.c.h; path = MKFoundation.h; sourceTree = "<group>"; };
		8863F44216826BEB00B6FE8D /* MKGeometry.h */ = {isa = PBXFileReference; fileEncoding = 4; lastKnownFileType = sourcecode.c.h; path = MKGeometry.h; sourceTree = "<group>"; };
		8863F44316826BEB00B6FE8D /* MKGeometry.m */ = {isa = PBXFileReference; fileEncoding = 4; lastKnownFileType = sourcecode.c.objc; path = MKGeometry.m; sourceTree = "<group>"; };
		8863F44416826BEB00B6FE8D /* MKMapView.h */ = {isa = PBXFileReference; fileEncoding = 4; lastKnownFileType = sourcecode.c.h; path = MKMapView.h; sourceTree = "<group>"; };
		8863F44516826BEB00B6FE8D /* MKMapView.m */ = {isa = PBXFileReference; fileEncoding = 4; lastKnownFileType = sourcecode.c.objc; path = MKMapView.m; sourceTree = "<group>"; };
		8863F44616826BEB00B6FE8D /* MKOverlay.h */ = {isa = PBXFileReference; fileEncoding = 4; lastKnownFileType = sourcecode.c.h; path = MKOverlay.h; sourceTree = "<group>"; };
		8863F44716826BEB00B6FE8D /* MKOverlay.m */ = {isa = PBXFileReference; fileEncoding = 4; lastKnownFileType = sourcecode.c.objc; path = MKOverlay.m; sourceTree = "<group>"; };
		8863F44816826BEB00B6FE8D /* MKOverlayView.h */ = {isa = PBXFileReference; fileEncoding = 4; lastKnownFileType = sourcecode.c.h; path = MKOverlayView.h; sourceTree = "<group>"; };
		8863F44916826BEB00B6FE8D /* MKOverlayView.m */ = {isa = PBXFileReference; fileEncoding = 4; lastKnownFileType = sourcecode.c.objc; path = MKOverlayView.m; sourceTree = "<group>"; };
		8863F44A16826BEB00B6FE8D /* MKPinAnnotationView.h */ = {isa = PBXFileReference; fileEncoding = 4; lastKnownFileType = sourcecode.c.h; path = MKPinAnnotationView.h; sourceTree = "<group>"; };
		8863F44B16826BEB00B6FE8D /* MKPinAnnotationView.m */ = {isa = PBXFileReference; fileEncoding = 4; lastKnownFileType = sourcecode.c.objc; path = MKPinAnnotationView.m; sourceTree = "<group>"; };
		8863F44C16826BEB00B6FE8D /* MKPlaceMark.h */ = {isa = PBXFileReference; fileEncoding = 4; lastKnownFileType = sourcecode.c.h; path = MKPlaceMark.h; sourceTree = "<group>"; };
		8863F44D16826BEB00B6FE8D /* MKPlaceMark.m */ = {isa = PBXFileReference; fileEncoding = 4; lastKnownFileType = sourcecode.c.objc; path = MKPlaceMark.m; sourceTree = "<group>"; };
		8863F44E16826BEB00B6FE8D /* MKTypes.h */ = {isa = PBXFileReference; fileEncoding = 4; lastKnownFileType = sourcecode.c.h; path = MKTypes.h; sourceTree = "<group>"; };
		8863F44F16826BEB00B6FE8D /* MKUserLocation.h */ = {isa = PBXFileReference; fileEncoding = 4; lastKnownFileType = sourcecode.c.h; path = MKUserLocation.h; sourceTree = "<group>"; };
		8863F45016826BEB00B6FE8D /* MKUserLocation.m */ = {isa = PBXFileReference; fileEncoding = 4; lastKnownFileType = sourcecode.c.objc; path = MKUserLocation.m; sourceTree = "<group>"; };
		8863F45116826BEB00B6FE8D /* MKUserTrackingMode.h */ = {isa = PBXFileReference; fileEncoding = 4; lastKnownFileType = sourcecode.c.h; path = MKUserTrackingMode.h; sourceTree = "<group>"; };
		8863F45316826BEB00B6FE8D /* esriLogo@2x.png */ = {isa = PBXFileReference; lastKnownFileType = image.png; path = "esriLogo@2x.png"; sourceTree = "<group>"; };
		887F763F16838AFB009D58BA /* libc++.dylib */ = {isa = PBXFileReference; lastKnownFileType = "compiled.mach-o.dylib"; name = "libc++.dylib"; path = "usr/lib/libc++.dylib"; sourceTree = SDKROOT; };
		887F764116838AFF009D58BA /* OpenGLES.framework */ = {isa = PBXFileReference; lastKnownFileType = wrapper.framework; name = OpenGLES.framework; path = System/Library/Frameworks/OpenGLES.framework; sourceTree = SDKROOT; };
		8D1107310486CEB800E47090 /* Breadcrumb-Info.plist */ = {isa = PBXFileReference; fileEncoding = 4; lastKnownFileType = text.plist.xml; path = "Breadcrumb-Info.plist"; plistStructureDefinitionIdentifier = "com.apple.xcode.plist.structure-definition.iphone.info-plist"; sourceTree = "<group>"; };
/* End PBXFileReference section */

/* Begin PBXFrameworksBuildPhase section */
		1D60588F0D05DD3D006BFB54 /* Frameworks */ = {
			isa = PBXFrameworksBuildPhase;
			buildActionMask = 2147483647;
			files = (
				887F76431683C6B2009D58BA /* libc++.dylib in Frameworks */,
				887F764216838AFF009D58BA /* OpenGLES.framework in Frameworks */,
				88104A26162E189500914A27 /* Security.framework in Frameworks */,
				88104A24162E189000914A27 /* libz.dylib in Frameworks */,
				88104A22162E188700914A27 /* MobileCoreServices.framework in Frameworks */,
				88104A20162E187D00914A27 /* MediaPlayer.framework in Frameworks */,
				88104A1C162E186A00914A27 /* CoreText.framework in Frameworks */,
				88104A1A162E186100914A27 /* QuartzCore.framework in Frameworks */,
				1D60589F0D05DD5A006BFB54 /* Foundation.framework in Frameworks */,
				1DF5F4E00D08C38300B7A737 /* UIKit.framework in Frameworks */,
				288765A50DF7441C002DB57D /* CoreGraphics.framework in Frameworks */,
				1A3C7176118F4E0A00EE06ED /* CoreLocation.framework in Frameworks */,
				53DEB89F1249591200860C26 /* AVFoundation.framework in Frameworks */,
				53DEB8A71249592A00860C26 /* AudioToolbox.framework in Frameworks */,
			);
			runOnlyForDeploymentPostprocessing = 0;
		};
/* End PBXFrameworksBuildPhase section */

/* Begin PBXGroup section */
		080E96DDFE201D6D7F000001 /* Classes */ = {
			isa = PBXGroup;
			children = (
				1A3C719E118F527000EE06ED /* Overlay */,
				1D3623240D0F684500981E51 /* BreadcrumbAppDelegate.h */,
				1D3623250D0F684500981E51 /* BreadcrumbAppDelegate.m */,
				28D7ACF60DDB3853001CB0EB /* BreadcrumbViewController.h */,
				28D7ACF70DDB3853001CB0EB /* BreadcrumbViewController.m */,
			);
			path = Classes;
			sourceTree = "<group>";
		};
		19C28FACFE9D520D11CA2CBB /* Products */ = {
			isa = PBXGroup;
			children = (
				1D6058910D05DD3D006BFB54 /* Breadcrumb.app */,
			);
			name = Products;
			sourceTree = "<group>";
		};
		1A3C719E118F527000EE06ED /* Overlay */ = {
			isa = PBXGroup;
			children = (
				1A3C719B118F4EEC00EE06ED /* CrumbPath.h */,
				1A3C719C118F4EEC00EE06ED /* CrumbPath.m */,
				1A3C71A5118F65C400EE06ED /* CrumbPathView.h */,
				1A3C71A6118F65C400EE06ED /* CrumbPathView.m */,
			);
			name = Overlay;
			sourceTree = "<group>";
		};
		29B97314FDCFA39411CA2CEA /* CustomTemplate */ = {
			isa = PBXGroup;
			children = (
				887F764116838AFF009D58BA /* OpenGLES.framework */,
				887F763F16838AFB009D58BA /* libc++.dylib */,
				8863F43616826BEB00B6FE8D /* MapKit */,
				8863F43416826AB100B6FE8D /* MapKit.framework */,
				88104A32162E1BAF00914A27 /* Default-568h@2x.png */,
				88104A25162E189500914A27 /* Security.framework */,
				88104A23162E189000914A27 /* libz.dylib */,
				88104A21162E188700914A27 /* MobileCoreServices.framework */,
				88104A1F162E187D00914A27 /* MediaPlayer.framework */,
				88104A1D162E187600914A27 /* libstdc++.dylib */,
				88104A1B162E186A00914A27 /* CoreText.framework */,
				88104A19162E186100914A27 /* QuartzCore.framework */,
				532F37D4121C38EB0025B0F4 /* ReadMe.txt */,
				080E96DDFE201D6D7F000001 /* Classes */,
				29B97315FDCFA39411CA2CEA /* Other Sources */,
				29B97317FDCFA39411CA2CEA /* Resources */,
				29B97323FDCFA39411CA2CEA /* Frameworks */,
				19C28FACFE9D520D11CA2CBB /* Products */,
			);
			name = CustomTemplate;
			sourceTree = "<group>";
		};
		29B97315FDCFA39411CA2CEA /* Other Sources */ = {
			isa = PBXGroup;
			children = (
				32CA4F630368D1EE00C91783 /* Breadcrumb_Prefix.pch */,
				29B97316FDCFA39411CA2CEA /* main.m */,
			);
			name = "Other Sources";
			sourceTree = "<group>";
		};
		29B97317FDCFA39411CA2CEA /* Resources */ = {
			isa = PBXGroup;
			children = (
				537DEEB6124820F8003DF1C9 /* Hero.aiff */,
				8D1107310486CEB800E47090 /* Breadcrumb-Info.plist */,
				53025D4511DD5352007F367B /* images */,
				53A6573C11DBF7F900BEC507 /* BreadcrumbViewController.xib */,
				53A6573E11DBF7F900BEC507 /* MainWindow.xib */,
			);
			name = Resources;
			sourceTree = "<group>";
		};
		29B97323FDCFA39411CA2CEA /* Frameworks */ = {
			isa = PBXGroup;
			children = (
				1A3C7175118F4E0A00EE06ED /* CoreLocation.framework */,
				1DF5F4DF0D08C38300B7A737 /* UIKit.framework */,
				1D30AB110D05D00D00671497 /* Foundation.framework */,
				288765A40DF7441C002DB57D /* CoreGraphics.framework */,
				53DEB89E1249591200860C26 /* AVFoundation.framework */,
				53DEB8A61249592A00860C26 /* AudioToolbox.framework */,
			);
			name = Frameworks;
			sourceTree = "<group>";
		};
		53025D4511DD5352007F367B /* images */ = {
			isa = PBXGroup;
			children = (
				53025D4611DD5352007F367B /* Icon-72.png */,
				53025D4711DD5352007F367B /* Icon-Small-50.png */,
				53025D4811DD5352007F367B /* Icon-Small.png */,
				53025D4911DD5352007F367B /* Icon-Small@2x.png */,
				53025D4A11DD5352007F367B /* Icon.png */,
				53025D4B11DD5352007F367B /* Icon@2x.png */,
				53025D4C11DD5352007F367B /* iTunesArtwork */,
			);
			path = images;
			sourceTree = "<group>";
		};
		8863F43616826BEB00B6FE8D /* MapKit */ = {
			isa = PBXGroup;
			children = (
				8863F43716826BEB00B6FE8D /* AnnotationTemplate.h */,
				8863F43816826BEB00B6FE8D /* AnnotationTemplate.m */,
				8863F43916826BEB00B6FE8D /* AnnotationViewController.h */,
				8863F43A16826BEB00B6FE8D /* AnnotationViewController.m */,
				8863F43B16826BEB00B6FE8D /* AnnotationViewController.xib */,
				8863F43C16826BEB00B6FE8D /* MapKit.h */,
				8863F43D16826BEB00B6FE8D /* MKAnnotation.h */,
				8863F43E16826BEB00B6FE8D /* MKAnnotationView.h */,
				8863F43F16826BEB00B6FE8D /* MKAnnotationView.m */,
				8863F44016826BEB00B6FE8D /* MKDelegate.h */,
				8863F44116826BEB00B6FE8D /* MKFoundation.h */,
				8863F44216826BEB00B6FE8D /* MKGeometry.h */,
				8863F44316826BEB00B6FE8D /* MKGeometry.m */,
				8863F44416826BEB00B6FE8D /* MKMapView.h */,
				8863F44516826BEB00B6FE8D /* MKMapView.m */,
				8863F44616826BEB00B6FE8D /* MKOverlay.h */,
				8863F44716826BEB00B6FE8D /* MKOverlay.m */,
				8863F44816826BEB00B6FE8D /* MKOverlayView.h */,
				8863F44916826BEB00B6FE8D /* MKOverlayView.m */,
				8863F44A16826BEB00B6FE8D /* MKPinAnnotationView.h */,
				8863F44B16826BEB00B6FE8D /* MKPinAnnotationView.m */,
				8863F44C16826BEB00B6FE8D /* MKPlaceMark.h */,
				8863F44D16826BEB00B6FE8D /* MKPlaceMark.m */,
				8863F44E16826BEB00B6FE8D /* MKTypes.h */,
				8863F44F16826BEB00B6FE8D /* MKUserLocation.h */,
				8863F45016826BEB00B6FE8D /* MKUserLocation.m */,
				8863F45116826BEB00B6FE8D /* MKUserTrackingMode.h */,
				8863F45216826BEB00B6FE8D /* Resources */,
			);
			name = MapKit;
			path = ../MapKit;
			sourceTree = "<group>";
		};
		8863F45216826BEB00B6FE8D /* Resources */ = {
			isa = PBXGroup;
			children = (
				8863F45316826BEB00B6FE8D /* esriLogo@2x.png */,
			);
			path = Resources;
			sourceTree = "<group>";
		};
/* End PBXGroup section */

/* Begin PBXNativeTarget section */
		1D6058900D05DD3D006BFB54 /* Breadcrumb */ = {
			isa = PBXNativeTarget;
			buildConfigurationList = 1D6058960D05DD3E006BFB54 /* Build configuration list for PBXNativeTarget "Breadcrumb" */;
			buildPhases = (
				1D60588D0D05DD3D006BFB54 /* Resources */,
				1D60588E0D05DD3D006BFB54 /* Sources */,
				1D60588F0D05DD3D006BFB54 /* Frameworks */,
			);
			buildRules = (
			);
			dependencies = (
			);
			name = Breadcrumb;
			productName = Breadcrumb;
			productReference = 1D6058910D05DD3D006BFB54 /* Breadcrumb.app */;
			productType = "com.apple.product-type.application";
		};
/* End PBXNativeTarget section */

/* Begin PBXProject section */
		29B97313FDCFA39411CA2CEA /* Project object */ = {
			isa = PBXProject;
			attributes = {
				LastUpgradeCheck = 0420;
			};
			buildConfigurationList = C01FCF4E08A954540054247B /* Build configuration list for PBXProject "Breadcrumb" */;
			compatibilityVersion = "Xcode 3.2";
			developmentRegion = English;
			hasScannedForEncodings = 1;
			knownRegions = (
				English,
				Japanese,
				French,
				German,
				en,
			);
			mainGroup = 29B97314FDCFA39411CA2CEA /* CustomTemplate */;
			projectDirPath = "";
			projectRoot = "";
			targets = (
				1D6058900D05DD3D006BFB54 /* Breadcrumb */,
			);
		};
/* End PBXProject section */

/* Begin PBXResourcesBuildPhase section */
		1D60588D0D05DD3D006BFB54 /* Resources */ = {
			isa = PBXResourcesBuildPhase;
			buildActionMask = 2147483647;
			files = (
				53A6574011DBF7F900BEC507 /* BreadcrumbViewController.xib in Resources */,
				53A6574111DBF7F900BEC507 /* MainWindow.xib in Resources */,
				53025D4D11DD5352007F367B /* Icon-72.png in Resources */,
				53025D4E11DD5352007F367B /* Icon-Small-50.png in Resources */,
				53025D4F11DD5352007F367B /* Icon-Small.png in Resources */,
				53025D5011DD5352007F367B /* Icon-Small@2x.png in Resources */,
				53025D5111DD5352007F367B /* Icon.png in Resources */,
				53025D5211DD5352007F367B /* Icon@2x.png in Resources */,
				53025D5311DD5352007F367B /* iTunesArtwork in Resources */,
				537DEEB7124820F8003DF1C9 /* Hero.aiff in Resources */,
				88104A33162E1BAF00914A27 /* Default-568h@2x.png in Resources */,
				8863F45616826BEB00B6FE8D /* AnnotationViewController.xib in Resources */,
				8863F45F16826BEB00B6FE8D /* esriLogo@2x.png in Resources */,
			);
			runOnlyForDeploymentPostprocessing = 0;
		};
/* End PBXResourcesBuildPhase section */

/* Begin PBXSourcesBuildPhase section */
		1D60588E0D05DD3D006BFB54 /* Sources */ = {
			isa = PBXSourcesBuildPhase;
			buildActionMask = 2147483647;
			files = (
				1D60589B0D05DD56006BFB54 /* main.m in Sources */,
				1D3623260D0F684500981E51 /* BreadcrumbAppDelegate.m in Sources */,
				28D7ACF80DDB3853001CB0EB /* BreadcrumbViewController.m in Sources */,
				1A3C719D118F4EEC00EE06ED /* CrumbPath.m in Sources */,
				1A3C71A7118F65C400EE06ED /* CrumbPathView.m in Sources */,
				8863F45416826BEB00B6FE8D /* AnnotationTemplate.m in Sources */,
				8863F45516826BEB00B6FE8D /* AnnotationViewController.m in Sources */,
				8863F45716826BEB00B6FE8D /* MKAnnotationView.m in Sources */,
				8863F45816826BEB00B6FE8D /* MKGeometry.m in Sources */,
				8863F45916826BEB00B6FE8D /* MKMapView.m in Sources */,
				8863F45A16826BEB00B6FE8D /* MKOverlay.m in Sources */,
				8863F45B16826BEB00B6FE8D /* MKOverlayView.m in Sources */,
				8863F45C16826BEB00B6FE8D /* MKPinAnnotationView.m in Sources */,
				8863F45D16826BEB00B6FE8D /* MKPlaceMark.m in Sources */,
				8863F45E16826BEB00B6FE8D /* MKUserLocation.m in Sources */,
			);
			runOnlyForDeploymentPostprocessing = 0;
		};
/* End PBXSourcesBuildPhase section */

/* Begin PBXVariantGroup section */
		53A6573C11DBF7F900BEC507 /* BreadcrumbViewController.xib */ = {
			isa = PBXVariantGroup;
			children = (
				53A6573D11DBF7F900BEC507 /* en */,
			);
			name = BreadcrumbViewController.xib;
			sourceTree = "<group>";
		};
		53A6573E11DBF7F900BEC507 /* MainWindow.xib */ = {
			isa = PBXVariantGroup;
			children = (
				53A6573F11DBF7F900BEC507 /* en */,
			);
			name = MainWindow.xib;
			sourceTree = "<group>";
		};
/* End PBXVariantGroup section */

/* Begin XCBuildConfiguration section */
		1D6058940D05DD3E006BFB54 /* Debug */ = {
			isa = XCBuildConfiguration;
			buildSettings = {
				ALWAYS_SEARCH_USER_PATHS = YES;
				CLANG_ENABLE_OBJC_ARC = YES;
				COPY_PHASE_STRIP = NO;
				FRAMEWORK_SEARCH_PATHS = "$(HOME)/Library/SDKs/ArcGIS/iOS/**";
				GCC_DYNAMIC_NO_PIC = NO;
				GCC_OPTIMIZATION_LEVEL = 0;
				GCC_PRECOMPILE_PREFIX_HEADER = YES;
				GCC_PREFIX_HEADER = Breadcrumb_Prefix.pch;
				GCC_TREAT_WARNINGS_AS_ERRORS = NO;
				INFOPLIST_FILE = "Breadcrumb-Info.plist";
				ONLY_ACTIVE_ARCH = YES;
				OTHER_LDFLAGS = (
					"-all_load",
					"-ObjC",
					"-framework",
					ArcGIS,
				);
				PRODUCT_NAME = Breadcrumb;
				VALID_ARCHS = armv7;
			};
			name = Debug;
		};
		1D6058950D05DD3E006BFB54 /* Release */ = {
			isa = XCBuildConfiguration;
			buildSettings = {
				ALWAYS_SEARCH_USER_PATHS = YES;
				CLANG_ENABLE_OBJC_ARC = YES;
				COPY_PHASE_STRIP = YES;
				FRAMEWORK_SEARCH_PATHS = "$(HOME)/Library/SDKs/ArcGIS/iOS/**";
				GCC_PRECOMPILE_PREFIX_HEADER = YES;
				GCC_PREFIX_HEADER = Breadcrumb_Prefix.pch;
				GCC_TREAT_WARNINGS_AS_ERRORS = NO;
				INFOPLIST_FILE = "Breadcrumb-Info.plist";
				ONLY_ACTIVE_ARCH = YES;
				OTHER_LDFLAGS = (
					"-all_load",
					"-ObjC",
					"-framework",
					ArcGIS,
				);
				PRODUCT_NAME = Breadcrumb;
				VALIDATE_PRODUCT = YES;
				VALID_ARCHS = armv7;
			};
			name = Release;
		};
		C01FCF4F08A954540054247B /* Debug */ = {
			isa = XCBuildConfiguration;
			buildSettings = {
				ARCHS = "$(ARCHS_STANDARD_32_BIT)";
				"CODE_SIGN_IDENTITY[sdk=iphoneos*]" = "iPhone Developer";
				GCC_C_LANGUAGE_STANDARD = c99;
				GCC_TREAT_WARNINGS_AS_ERRORS = YES;
				GCC_WARN_64_TO_32_BIT_CONVERSION = YES;
				GCC_WARN_ABOUT_MISSING_FIELD_INITIALIZERS = YES;
				GCC_WARN_ABOUT_RETURN_TYPE = YES;
				GCC_WARN_CHECK_SWITCH_STATEMENTS = YES;
				GCC_WARN_INITIALIZER_NOT_FULLY_BRACKETED = YES;
				GCC_WARN_MISSING_PARENTHESES = YES;
				GCC_WARN_SHADOW = YES;
				GCC_WARN_SIGN_COMPARE = YES;
				GCC_WARN_TYPECHECK_CALLS_TO_PRINTF = YES;
				GCC_WARN_UNDECLARED_SELECTOR = YES;
				GCC_WARN_UNUSED_FUNCTION = YES;
				GCC_WARN_UNUSED_LABEL = YES;
				GCC_WARN_UNUSED_VALUE = YES;
				GCC_WARN_UNUSED_VARIABLE = YES;
				IPHONEOS_DEPLOYMENT_TARGET = 4.0;
				SDKROOT = iphoneos;
			};
			name = Debug;
		};
		C01FCF5008A954540054247B /* Release */ = {
			isa = XCBuildConfiguration;
			buildSettings = {
				ARCHS = "$(ARCHS_STANDARD_32_BIT)";
				"CODE_SIGN_IDENTITY[sdk=iphoneos*]" = "iPhone Developer";
				GCC_C_LANGUAGE_STANDARD = c99;
				GCC_TREAT_WARNINGS_AS_ERRORS = YES;
				GCC_WARN_64_TO_32_BIT_CONVERSION = YES;
				GCC_WARN_ABOUT_MISSING_FIELD_INITIALIZERS = YES;
				GCC_WARN_ABOUT_RETURN_TYPE = YES;
				GCC_WARN_CHECK_SWITCH_STATEMENTS = YES;
				GCC_WARN_INITIALIZER_NOT_FULLY_BRACKETED = YES;
				GCC_WARN_MISSING_PARENTHESES = YES;
				GCC_WARN_SHADOW = YES;
				GCC_WARN_SIGN_COMPARE = YES;
				GCC_WARN_TYPECHECK_CALLS_TO_PRINTF = YES;
				GCC_WARN_UNDECLARED_SELECTOR = YES;
				GCC_WARN_UNUSED_FUNCTION = YES;
				GCC_WARN_UNUSED_LABEL = YES;
				GCC_WARN_UNUSED_VALUE = YES;
				GCC_WARN_UNUSED_VARIABLE = YES;
				IPHONEOS_DEPLOYMENT_TARGET = 4.0;
				OTHER_CFLAGS = "-DNS_BLOCK_ASSERTIONS=1";
				RUN_CLANG_STATIC_ANALYZER = YES;
				SDKROOT = iphoneos;
			};
			name = Release;
		};
/* End XCBuildConfiguration section */

/* Begin XCConfigurationList section */
		1D6058960D05DD3E006BFB54 /* Build configuration list for PBXNativeTarget "Breadcrumb" */ = {
			isa = XCConfigurationList;
			buildConfigurations = (
				1D6058940D05DD3E006BFB54 /* Debug */,
				1D6058950D05DD3E006BFB54 /* Release */,
			);
			defaultConfigurationIsVisible = 0;
			defaultConfigurationName = Release;
		};
		C01FCF4E08A954540054247B /* Build configuration list for PBXProject "Breadcrumb" */ = {
			isa = XCConfigurationList;
			buildConfigurations = (
				C01FCF4F08A954540054247B /* Debug */,
				C01FCF5008A954540054247B /* Release */,
			);
			defaultConfigurationIsVisible = 0;
			defaultConfigurationName = Release;
		};
/* End XCConfigurationList section */
	};
	rootObject = 29B97313FDCFA39411CA2CEA /* Project object */;
}
