// !$*UTF8*$!
{
	archiveVersion = 1;
	classes = {
	};
	objectVersion = 45;
	objects = {

/* Begin PBXBuildFile section */
		1D60589B0D05DD56006BFB54 /* main.m in Sources */ = {isa = PBXBuildFile; fileRef = 29B97316FDCFA39411CA2CEA /* main.m */; };
		1D60589F0D05DD5A006BFB54 /* Foundation.framework in Frameworks */ = {isa = PBXBuildFile; fileRef = 1D30AB110D05D00D00671497 /* Foundation.framework */; };
		1DF5F4E00D08C38300B7A737 /* UIKit.framework in Frameworks */ = {isa = PBXBuildFile; fileRef = 1DF5F4DF0D08C38300B7A737 /* UIKit.framework */; };
		288765A50DF7441C002DB57D /* CoreGraphics.framework in Frameworks */ = {isa = PBXBuildFile; fileRef = 288765A40DF7441C002DB57D /* CoreGraphics.framework */; };
		5321F1870F7AE57A00EC9E3A /* AppDelegate.m in Sources */ = {isa = PBXBuildFile; fileRef = 5321F1840F7AE57A00EC9E3A /* AppDelegate.m */; };
		5321F18F0F7AE5BA00EC9E3A /* MainWindow.xib in Resources */ = {isa = PBXBuildFile; fileRef = 5321F18D0F7AE5BA00EC9E3A /* MainWindow.xib */; };
		533D375B10B329010057E53B /* SFAnnotation.m in Sources */ = {isa = PBXBuildFile; fileRef = 533D375A10B329010057E53B /* SFAnnotation.m */; };
		533D37F410B32D500057E53B /* MapViewController.xib in Resources */ = {isa = PBXBuildFile; fileRef = 533D37F210B32D500057E53B /* MapViewController.xib */; };
		534BB35210B4A47500C8BE22 /* BridgeAnnotation.m in Sources */ = {isa = PBXBuildFile; fileRef = 534BB35110B4A47500C8BE22 /* BridgeAnnotation.m */; };
		536EE47A10B358610080A190 /* MapViewController.m in Sources */ = {isa = PBXBuildFile; fileRef = 536EE47910B358610080A190 /* MapViewController.m */; };
		537DA6BA1108F80B0045D54C /* DetailViewController.m in Sources */ = {isa = PBXBuildFile; fileRef = 537DA6B91108F80B0045D54C /* DetailViewController.m */; };
		537DA6BE1108F8460045D54C /* DetailViewController.xib in Resources */ = {isa = PBXBuildFile; fileRef = 537DA6BC1108F8460045D54C /* DetailViewController.xib */; };
		6BDC8248167B1C7500DDC0C0 /* GreenPin.png in Resources */ = {isa = PBXBuildFile; fileRef = 6BDC8247167B1C7500DDC0C0 /* GreenPin.png */; };
		6BDC828D1680F66B00DDC0C0 /* MKAnnotationView.m in Sources */ = {isa = PBXBuildFile; fileRef = E2AEC6AD16793F980014CA6F /* MKAnnotationView.m */; };
		6BDC828E1680F66B00DDC0C0 /* MKPinAnnotationView.m in Sources */ = {isa = PBXBuildFile; fileRef = E2AEC6B916793F980014CA6F /* MKPinAnnotationView.m */; };
		CB6C7CB111D53FDA00AC7FA8 /* Default.png in Resources */ = {isa = PBXBuildFile; fileRef = CB6C7CA511D53FDA00AC7FA8 /* Default.png */; };
		CB6C7CB211D53FDA00AC7FA8 /* flag.png in Resources */ = {isa = PBXBuildFile; fileRef = CB6C7CA611D53FDA00AC7FA8 /* flag.png */; };
		CB6C7CB311D53FDA00AC7FA8 /* GoldenGate.png in Resources */ = {isa = PBXBuildFile; fileRef = CB6C7CA711D53FDA00AC7FA8 /* GoldenGate.png */; };
		CB6C7CB411D53FDA00AC7FA8 /* Icon-72.png in Resources */ = {isa = PBXBuildFile; fileRef = CB6C7CA811D53FDA00AC7FA8 /* Icon-72.png */; };
		CB6C7CB511D53FDA00AC7FA8 /* Icon-Small-50.png in Resources */ = {isa = PBXBuildFile; fileRef = CB6C7CA911D53FDA00AC7FA8 /* Icon-Small-50.png */; };
		CB6C7CB611D53FDA00AC7FA8 /* Icon-Small.png in Resources */ = {isa = PBXBuildFile; fileRef = CB6C7CAA11D53FDA00AC7FA8 /* Icon-Small.png */; };
		CB6C7CB711D53FDA00AC7FA8 /* Icon-Small@2x.png in Resources */ = {isa = PBXBuildFile; fileRef = CB6C7CAB11D53FDA00AC7FA8 /* Icon-Small@2x.png */; };
		CB6C7CB811D53FDA00AC7FA8 /* Icon.png in Resources */ = {isa = PBXBuildFile; fileRef = CB6C7CAC11D53FDA00AC7FA8 /* Icon.png */; };
		CB6C7CB911D53FDA00AC7FA8 /* Icon@2x.png in Resources */ = {isa = PBXBuildFile; fileRef = CB6C7CAD11D53FDA00AC7FA8 /* Icon@2x.png */; };
		CB6C7CBB11D53FDA00AC7FA8 /* Location.png in Resources */ = {isa = PBXBuildFile; fileRef = CB6C7CAF11D53FDA00AC7FA8 /* Location.png */; };
		CB6C7CBC11D53FDA00AC7FA8 /* SFIcon.png in Resources */ = {isa = PBXBuildFile; fileRef = CB6C7CB011D53FDA00AC7FA8 /* SFIcon.png */; };
		CB6C7CBE11D5400200AC7FA8 /* iTunesArtwork in Resources */ = {isa = PBXBuildFile; fileRef = CB6C7CBD11D5400200AC7FA8 /* iTunesArtwork */; };
		CB8F294A11D176F900E84C56 /* ReadMe.txt in Resources */ = {isa = PBXBuildFile; fileRef = CB8F294911D176F900E84C56 /* ReadMe.txt */; };
		E21FE513167BBED900A66463 /* AnnotationViewController.m in Sources */ = {isa = PBXBuildFile; fileRef = E21FE511167BBED900A66463 /* AnnotationViewController.m */; };
		E21FE514167BBED900A66463 /* AnnotationViewController.xib in Resources */ = {isa = PBXBuildFile; fileRef = E21FE512167BBED900A66463 /* AnnotationViewController.xib */; };
		E21FE517167BC2FE00A66463 /* AnnotationTemplate.m in Sources */ = {isa = PBXBuildFile; fileRef = E21FE516167BC1FB00A66463 /* AnnotationTemplate.m */; };
		E2AEC6BF16793F980014CA6F /* MKGeometry.m in Sources */ = {isa = PBXBuildFile; fileRef = E2AEC6B116793F980014CA6F /* MKGeometry.m */; };
		E2AEC6C016793F980014CA6F /* MKMapView.m in Sources */ = {isa = PBXBuildFile; fileRef = E2AEC6B316793F980014CA6F /* MKMapView.m */; };
		E2AEC6C116793F980014CA6F /* MKOverlay.m in Sources */ = {isa = PBXBuildFile; fileRef = E2AEC6B516793F980014CA6F /* MKOverlay.m */; };
		E2AEC6C216793F980014CA6F /* MKOverlayView.m in Sources */ = {isa = PBXBuildFile; fileRef = E2AEC6B716793F980014CA6F /* MKOverlayView.m */; };
		E2AEC6C416793F980014CA6F /* MKUserLocation.m in Sources */ = {isa = PBXBuildFile; fileRef = E2AEC6BC16793F980014CA6F /* MKUserLocation.m */; };
		E2AEC6CD16793FBB0014CA6F /* Security.framework in Frameworks */ = {isa = PBXBuildFile; fileRef = E2AEC6C516793FBB0014CA6F /* Security.framework */; };
		E2AEC6CE16793FBB0014CA6F /* libz.dylib in Frameworks */ = {isa = PBXBuildFile; fileRef = E2AEC6C616793FBB0014CA6F /* libz.dylib */; };
		E2AEC6CF16793FBB0014CA6F /* MobileCoreServices.framework in Frameworks */ = {isa = PBXBuildFile; fileRef = E2AEC6C716793FBB0014CA6F /* MobileCoreServices.framework */; };
		E2AEC6D016793FBB0014CA6F /* MediaPlayer.framework in Frameworks */ = {isa = PBXBuildFile; fileRef = E2AEC6C816793FBB0014CA6F /* MediaPlayer.framework */; };
		E2AEC6D116793FBB0014CA6F /* libstdc++.dylib in Frameworks */ = {isa = PBXBuildFile; fileRef = E2AEC6C916793FBB0014CA6F /* libstdc++.dylib */; };
		E2AEC6D216793FBB0014CA6F /* CoreText.framework in Frameworks */ = {isa = PBXBuildFile; fileRef = E2AEC6CA16793FBB0014CA6F /* CoreText.framework */; };
		E2AEC6D316793FBB0014CA6F /* QuartzCore.framework in Frameworks */ = {isa = PBXBuildFile; fileRef = E2AEC6CB16793FBB0014CA6F /* QuartzCore.framework */; };
		E2AEC6D416793FBB0014CA6F /* CoreLocation.framework in Frameworks */ = {isa = PBXBuildFile; fileRef = E2AEC6CC16793FBB0014CA6F /* CoreLocation.framework */; };
		E2CE21E5167BE2E1000EB508 /* BlueStickpin.png in Resources */ = {isa = PBXBuildFile; fileRef = E2CE21E4167BE2E1000EB508 /* BlueStickpin.png */; };
/* End PBXBuildFile section */

/* Begin PBXFileReference section */
		1D30AB110D05D00D00671497 /* Foundation.framework */ = {isa = PBXFileReference; lastKnownFileType = wrapper.framework; name = Foundation.framework; path = System/Library/Frameworks/Foundation.framework; sourceTree = SDKROOT; };
		1D6058910D05DD3D006BFB54 /* MapCallouts.app */ = {isa = PBXFileReference; explicitFileType = wrapper.application; includeInIndex = 0; path = MapCallouts.app; sourceTree = BUILT_PRODUCTS_DIR; };
		1DF5F4DF0D08C38300B7A737 /* UIKit.framework */ = {isa = PBXFileReference; lastKnownFileType = wrapper.framework; name = UIKit.framework; path = System/Library/Frameworks/UIKit.framework; sourceTree = SDKROOT; };
		288765A40DF7441C002DB57D /* CoreGraphics.framework */ = {isa = PBXFileReference; lastKnownFileType = wrapper.framework; name = CoreGraphics.framework; path = System/Library/Frameworks/CoreGraphics.framework; sourceTree = SDKROOT; };
		29B97316FDCFA39411CA2CEA /* main.m */ = {isa = PBXFileReference; fileEncoding = 4; lastKnownFileType = sourcecode.c.objc; path = main.m; sourceTree = "<group>"; };
		5321F1840F7AE57A00EC9E3A /* AppDelegate.m */ = {isa = PBXFileReference; fileEncoding = 4; lastKnownFileType = sourcecode.c.objc; path = AppDelegate.m; sourceTree = "<group>"; };
		5321F1850F7AE57A00EC9E3A /* AppDelegate.h */ = {isa = PBXFileReference; fileEncoding = 4; lastKnownFileType = sourcecode.c.h; path = AppDelegate.h; sourceTree = "<group>"; };
		5321F1880F7AE58700EC9E3A /* Prefix.pch */ = {isa = PBXFileReference; fileEncoding = 4; lastKnownFileType = sourcecode.c.h; path = Prefix.pch; sourceTree = "<group>"; };
		5321F18E0F7AE5BA00EC9E3A /* en */ = {isa = PBXFileReference; lastKnownFileType = file.xib; name = en; path = en.lproj/MainWindow.xib; sourceTree = "<group>"; };
		5321F1900F7AE5BE00EC9E3A /* Info.plist */ = {isa = PBXFileReference; fileEncoding = 4; lastKnownFileType = text.plist.xml; path = Info.plist; sourceTree = "<group>"; };
		533D375910B329010057E53B /* SFAnnotation.h */ = {isa = PBXFileReference; fileEncoding = 4; lastKnownFileType = sourcecode.c.h; path = SFAnnotation.h; sourceTree = "<group>"; };
		533D375A10B329010057E53B /* SFAnnotation.m */ = {isa = PBXFileReference; fileEncoding = 4; lastKnownFileType = sourcecode.c.objc; path = SFAnnotation.m; sourceTree = "<group>"; };
		533D37F310B32D500057E53B /* en */ = {isa = PBXFileReference; lastKnownFileType = file.xib; name = en; path = en.lproj/MapViewController.xib; sourceTree = "<group>"; };
		533D38CB10B352230057E53B /* CoreLocation.framework */ = {isa = PBXFileReference; lastKnownFileType = wrapper.framework; name = CoreLocation.framework; path = System/Library/Frameworks/CoreLocation.framework; sourceTree = SDKROOT; };
		534BB35010B4A47500C8BE22 /* BridgeAnnotation.h */ = {isa = PBXFileReference; fileEncoding = 4; lastKnownFileType = sourcecode.c.h; path = BridgeAnnotation.h; sourceTree = "<group>"; };
		534BB35110B4A47500C8BE22 /* BridgeAnnotation.m */ = {isa = PBXFileReference; fileEncoding = 4; lastKnownFileType = sourcecode.c.objc; path = BridgeAnnotation.m; sourceTree = "<group>"; };
		536EE47810B358610080A190 /* MapViewController.h */ = {isa = PBXFileReference; fileEncoding = 4; lastKnownFileType = sourcecode.c.h; path = MapViewController.h; sourceTree = "<group>"; };
		536EE47910B358610080A190 /* MapViewController.m */ = {isa = PBXFileReference; fileEncoding = 4; lastKnownFileType = sourcecode.c.objc; path = MapViewController.m; sourceTree = "<group>"; };
		5376EF060F7AE77A005C5273 /* MapKit.framework */ = {isa = PBXFileReference; lastKnownFileType = wrapper.framework; name = MapKit.framework; path = System/Library/Frameworks/MapKit.framework; sourceTree = SDKROOT; };
		537DA6B81108F80B0045D54C /* DetailViewController.h */ = {isa = PBXFileReference; fileEncoding = 4; lastKnownFileType = sourcecode.c.h; path = DetailViewController.h; sourceTree = "<group>"; };
		537DA6B91108F80B0045D54C /* DetailViewController.m */ = {isa = PBXFileReference; fileEncoding = 4; lastKnownFileType = sourcecode.c.objc; path = DetailViewController.m; sourceTree = "<group>"; };
		537DA6BD1108F8460045D54C /* en */ = {isa = PBXFileReference; lastKnownFileType = file.xib; name = en; path = en.lproj/DetailViewController.xib; sourceTree = "<group>"; };
		6BDC8247167B1C7500DDC0C0 /* GreenPin.png */ = {isa = PBXFileReference; lastKnownFileType = image.png; path = GreenPin.png; sourceTree = "<group>"; };
		CB6C7CA511D53FDA00AC7FA8 /* Default.png */ = {isa = PBXFileReference; lastKnownFileType = image.png; path = Default.png; sourceTree = "<group>"; };
		CB6C7CA611D53FDA00AC7FA8 /* flag.png */ = {isa = PBXFileReference; lastKnownFileType = image.png; path = flag.png; sourceTree = "<group>"; };
		CB6C7CA711D53FDA00AC7FA8 /* GoldenGate.png */ = {isa = PBXFileReference; lastKnownFileType = image.png; path = GoldenGate.png; sourceTree = "<group>"; };
		CB6C7CA811D53FDA00AC7FA8 /* Icon-72.png */ = {isa = PBXFileReference; lastKnownFileType = image.png; path = "Icon-72.png"; sourceTree = "<group>"; };
		CB6C7CA911D53FDA00AC7FA8 /* Icon-Small-50.png */ = {isa = PBXFileReference; lastKnownFileType = image.png; path = "Icon-Small-50.png"; sourceTree = "<group>"; };
		CB6C7CAA11D53FDA00AC7FA8 /* Icon-Small.png */ = {isa = PBXFileReference; lastKnownFileType = image.png; path = "Icon-Small.png"; sourceTree = "<group>"; };
		CB6C7CAB11D53FDA00AC7FA8 /* Icon-Small@2x.png */ = {isa = PBXFileReference; lastKnownFileType = image.png; path = "Icon-Small@2x.png"; sourceTree = "<group>"; };
		CB6C7CAC11D53FDA00AC7FA8 /* Icon.png */ = {isa = PBXFileReference; lastKnownFileType = image.png; path = Icon.png; sourceTree = "<group>"; };
		CB6C7CAD11D53FDA00AC7FA8 /* Icon@2x.png */ = {isa = PBXFileReference; lastKnownFileType = image.png; path = "Icon@2x.png"; sourceTree = "<group>"; };
		CB6C7CAF11D53FDA00AC7FA8 /* Location.png */ = {isa = PBXFileReference; lastKnownFileType = image.png; path = Location.png; sourceTree = "<group>"; };
		CB6C7CB011D53FDA00AC7FA8 /* SFIcon.png */ = {isa = PBXFileReference; lastKnownFileType = image.png; path = SFIcon.png; sourceTree = "<group>"; };
		CB6C7CBD11D5400200AC7FA8 /* iTunesArtwork */ = {isa = PBXFileReference; lastKnownFileType = file; name = iTunesArtwork; path = ../iTunesArtwork; sourceTree = "<group>"; };
		CB8F294911D176F900E84C56 /* ReadMe.txt */ = {isa = PBXFileReference; fileEncoding = 4; lastKnownFileType = text; path = ReadMe.txt; sourceTree = "<group>"; };
		E21FE510167BBED900A66463 /* AnnotationViewController.h */ = {isa = PBXFileReference; fileEncoding = 4; lastKnownFileType = sourcecode.c.h; name = AnnotationViewController.h; path = ../MapCallouts/AnnotationViewController.h; sourceTree = "<group>"; };
		E21FE511167BBED900A66463 /* AnnotationViewController.m */ = {isa = PBXFileReference; fileEncoding = 4; lastKnownFileType = sourcecode.c.objc; name = AnnotationViewController.m; path = ../MapCallouts/AnnotationViewController.m; sourceTree = "<group>"; };
		E21FE512167BBED900A66463 /* AnnotationViewController.xib */ = {isa = PBXFileReference; fileEncoding = 4; lastKnownFileType = file.xib; name = AnnotationViewController.xib; path = ../MapCallouts/AnnotationViewController.xib; sourceTree = "<group>"; };
		E21FE515167BC1FB00A66463 /* AnnotationTemplate.h */ = {isa = PBXFileReference; lastKnownFileType = sourcecode.c.h; path = AnnotationTemplate.h; sourceTree = "<group>"; };
		E21FE516167BC1FB00A66463 /* AnnotationTemplate.m */ = {isa = PBXFileReference; lastKnownFileType = sourcecode.c.objc; path = AnnotationTemplate.m; sourceTree = "<group>"; };
		E2AEC6AA16793F980014CA6F /* MapKit2ArcGIS.h */ = {isa = PBXFileReference; fileEncoding = 4; lastKnownFileType = sourcecode.c.h; path = MapKit2ArcGIS.h; sourceTree = "<group>"; };
		E2AEC6AB16793F980014CA6F /* MKAnnotation.h */ = {isa = PBXFileReference; fileEncoding = 4; lastKnownFileType = sourcecode.c.h; path = MKAnnotation.h; sourceTree = "<group>"; };
		E2AEC6AC16793F980014CA6F /* MKAnnotationView.h */ = {isa = PBXFileReference; fileEncoding = 4; lastKnownFileType = sourcecode.c.h; path = MKAnnotationView.h; sourceTree = "<group>"; };
		E2AEC6AD16793F980014CA6F /* MKAnnotationView.m */ = {isa = PBXFileReference; fileEncoding = 4; lastKnownFileType = sourcecode.c.objc; path = MKAnnotationView.m; sourceTree = "<group>"; };
		E2AEC6AF16793F980014CA6F /* MKFoundation.h */ = {isa = PBXFileReference; fileEncoding = 4; lastKnownFileType = sourcecode.c.h; path = MKFoundation.h; sourceTree = "<group>"; };
		E2AEC6B016793F980014CA6F /* MKGeometry.h */ = {isa = PBXFileReference; fileEncoding = 4; lastKnownFileType = sourcecode.c.h; path = MKGeometry.h; sourceTree = "<group>"; };
		E2AEC6B116793F980014CA6F /* MKGeometry.m */ = {isa = PBXFileReference; fileEncoding = 4; lastKnownFileType = sourcecode.c.objc; path = MKGeometry.m; sourceTree = "<group>"; };
		E2AEC6B216793F980014CA6F /* MKMapView.h */ = {isa = PBXFileReference; fileEncoding = 4; lastKnownFileType = sourcecode.c.h; path = MKMapView.h; sourceTree = "<group>"; };
		E2AEC6B316793F980014CA6F /* MKMapView.m */ = {isa = PBXFileReference; fileEncoding = 4; lastKnownFileType = sourcecode.c.objc; path = MKMapView.m; sourceTree = "<group>"; };
		E2AEC6B416793F980014CA6F /* MKOverlay.h */ = {isa = PBXFileReference; fileEncoding = 4; lastKnownFileType = sourcecode.c.h; path = MKOverlay.h; sourceTree = "<group>"; };
		E2AEC6B516793F980014CA6F /* MKOverlay.m */ = {isa = PBXFileReference; fileEncoding = 4; lastKnownFileType = sourcecode.c.objc; path = MKOverlay.m; sourceTree = "<group>"; };
		E2AEC6B616793F980014CA6F /* MKOverlayView.h */ = {isa = PBXFileReference; fileEncoding = 4; lastKnownFileType = sourcecode.c.h; path = MKOverlayView.h; sourceTree = "<group>"; };
		E2AEC6B716793F980014CA6F /* MKOverlayView.m */ = {isa = PBXFileReference; fileEncoding = 4; lastKnownFileType = sourcecode.c.objc; path = MKOverlayView.m; sourceTree = "<group>"; };
		E2AEC6B816793F980014CA6F /* MKPinAnnotationView.h */ = {isa = PBXFileReference; fileEncoding = 4; lastKnownFileType = sourcecode.c.h; path = MKPinAnnotationView.h; sourceTree = "<group>"; };
		E2AEC6B916793F980014CA6F /* MKPinAnnotationView.m */ = {isa = PBXFileReference; fileEncoding = 4; lastKnownFileType = sourcecode.c.objc; path = MKPinAnnotationView.m; sourceTree = "<group>"; };
		E2AEC6BA16793F980014CA6F /* MKTypes.h */ = {isa = PBXFileReference; fileEncoding = 4; lastKnownFileType = sourcecode.c.h; path = MKTypes.h; sourceTree = "<group>"; };
		E2AEC6BB16793F980014CA6F /* MKUserLocation.h */ = {isa = PBXFileReference; fileEncoding = 4; lastKnownFileType = sourcecode.c.h; path = MKUserLocation.h; sourceTree = "<group>"; };
		E2AEC6BC16793F980014CA6F /* MKUserLocation.m */ = {isa = PBXFileReference; fileEncoding = 4; lastKnownFileType = sourcecode.c.objc; path = MKUserLocation.m; sourceTree = "<group>"; };
		E2AEC6BD16793F980014CA6F /* MKUserTrackingMode.h */ = {isa = PBXFileReference; fileEncoding = 4; lastKnownFileType = sourcecode.c.h; path = MKUserTrackingMode.h; sourceTree = "<group>"; };
		E2AEC6C516793FBB0014CA6F /* Security.framework */ = {isa = PBXFileReference; lastKnownFileType = wrapper.framework; name = Security.framework; path = System/Library/Frameworks/Security.framework; sourceTree = SDKROOT; };
		E2AEC6C616793FBB0014CA6F /* libz.dylib */ = {isa = PBXFileReference; lastKnownFileType = "compiled.mach-o.dylib"; name = libz.dylib; path = usr/lib/libz.dylib; sourceTree = SDKROOT; };
		E2AEC6C716793FBB0014CA6F /* MobileCoreServices.framework */ = {isa = PBXFileReference; lastKnownFileType = wrapper.framework; name = MobileCoreServices.framework; path = System/Library/Frameworks/MobileCoreServices.framework; sourceTree = SDKROOT; };
		E2AEC6C816793FBB0014CA6F /* MediaPlayer.framework */ = {isa = PBXFileReference; lastKnownFileType = wrapper.framework; name = MediaPlayer.framework; path = System/Library/Frameworks/MediaPlayer.framework; sourceTree = SDKROOT; };
		E2AEC6C916793FBB0014CA6F /* libstdc++.dylib */ = {isa = PBXFileReference; lastKnownFileType = "compiled.mach-o.dylib"; name = "libstdc++.dylib"; path = "usr/lib/libstdc++.dylib"; sourceTree = SDKROOT; };
		E2AEC6CA16793FBB0014CA6F /* CoreText.framework */ = {isa = PBXFileReference; lastKnownFileType = wrapper.framework; name = CoreText.framework; path = System/Library/Frameworks/CoreText.framework; sourceTree = SDKROOT; };
		E2AEC6CB16793FBB0014CA6F /* QuartzCore.framework */ = {isa = PBXFileReference; lastKnownFileType = wrapper.framework; name = QuartzCore.framework; path = System/Library/Frameworks/QuartzCore.framework; sourceTree = SDKROOT; };
		E2AEC6CC16793FBB0014CA6F /* CoreLocation.framework */ = {isa = PBXFileReference; lastKnownFileType = wrapper.framework; name = CoreLocation.framework; path = System/Library/Frameworks/CoreLocation.framework; sourceTree = SDKROOT; };
		E2CE21E4167BE2E1000EB508 /* BlueStickpin.png */ = {isa = PBXFileReference; lastKnownFileType = image.png; path = BlueStickpin.png; sourceTree = "<group>"; };
/* End PBXFileReference section */

/* Begin PBXFrameworksBuildPhase section */
		1D60588F0D05DD3D006BFB54 /* Frameworks */ = {
			isa = PBXFrameworksBuildPhase;
			buildActionMask = 2147483647;
			files = (
				1D60589F0D05DD5A006BFB54 /* Foundation.framework in Frameworks */,
				1DF5F4E00D08C38300B7A737 /* UIKit.framework in Frameworks */,
				288765A50DF7441C002DB57D /* CoreGraphics.framework in Frameworks */,
				E2AEC6CD16793FBB0014CA6F /* Security.framework in Frameworks */,
				E2AEC6CE16793FBB0014CA6F /* libz.dylib in Frameworks */,
				E2AEC6CF16793FBB0014CA6F /* MobileCoreServices.framework in Frameworks */,
				E2AEC6D016793FBB0014CA6F /* MediaPlayer.framework in Frameworks */,
				E2AEC6D116793FBB0014CA6F /* libstdc++.dylib in Frameworks */,
				E2AEC6D216793FBB0014CA6F /* CoreText.framework in Frameworks */,
				E2AEC6D316793FBB0014CA6F /* QuartzCore.framework in Frameworks */,
				E2AEC6D416793FBB0014CA6F /* CoreLocation.framework in Frameworks */,
			);
			runOnlyForDeploymentPostprocessing = 0;
		};
/* End PBXFrameworksBuildPhase section */

/* Begin PBXGroup section */
		19C28FACFE9D520D11CA2CBB /* Products */ = {
			isa = PBXGroup;
			children = (
				1D6058910D05DD3D006BFB54 /* MapCallouts.app */,
			);
			name = Products;
			sourceTree = "<group>";
		};
		29B97314FDCFA39411CA2CEA /* CustomTemplate */ = {
			isa = PBXGroup;
			children = (
				E2AEC6A916793F980014CA6F /* MapKit2ArcGIS */,
				CB8F294911D176F900E84C56 /* ReadMe.txt */,
				CB6C7CA311D53FA900AC7FA8 /* Classes */,
				29B97315FDCFA39411CA2CEA /* Other Sources */,
				29B97317FDCFA39411CA2CEA /* Resources */,
				29B97323FDCFA39411CA2CEA /* Frameworks */,
				19C28FACFE9D520D11CA2CBB /* Products */,
			);
			name = CustomTemplate;
			sourceTree = "<group>";
		};
		29B97315FDCFA39411CA2CEA /* Other Sources */ = {
			isa = PBXGroup;
			children = (
				5321F1880F7AE58700EC9E3A /* Prefix.pch */,
				29B97316FDCFA39411CA2CEA /* main.m */,
			);
			name = "Other Sources";
			sourceTree = "<group>";
		};
		29B97317FDCFA39411CA2CEA /* Resources */ = {
			isa = PBXGroup;
			children = (
				CB6C7CA411D53FDA00AC7FA8 /* images */,
				5321F1900F7AE5BE00EC9E3A /* Info.plist */,
				5321F18D0F7AE5BA00EC9E3A /* MainWindow.xib */,
				533D37F210B32D500057E53B /* MapViewController.xib */,
				537DA6BC1108F8460045D54C /* DetailViewController.xib */,
			);
			name = Resources;
			sourceTree = "<group>";
		};
		29B97323FDCFA39411CA2CEA /* Frameworks */ = {
			isa = PBXGroup;
			children = (
				E2AEC6C516793FBB0014CA6F /* Security.framework */,
				E2AEC6C616793FBB0014CA6F /* libz.dylib */,
				E2AEC6C716793FBB0014CA6F /* MobileCoreServices.framework */,
				E2AEC6C816793FBB0014CA6F /* MediaPlayer.framework */,
				E2AEC6C916793FBB0014CA6F /* libstdc++.dylib */,
				E2AEC6CA16793FBB0014CA6F /* CoreText.framework */,
				E2AEC6CB16793FBB0014CA6F /* QuartzCore.framework */,
				E2AEC6CC16793FBB0014CA6F /* CoreLocation.framework */,
				533D38CB10B352230057E53B /* CoreLocation.framework */,
				5376EF060F7AE77A005C5273 /* MapKit.framework */,
				1DF5F4DF0D08C38300B7A737 /* UIKit.framework */,
				1D30AB110D05D00D00671497 /* Foundation.framework */,
				288765A40DF7441C002DB57D /* CoreGraphics.framework */,
			);
			name = Frameworks;
			sourceTree = "<group>";
		};
		CB6C7CA311D53FA900AC7FA8 /* Classes */ = {
			isa = PBXGroup;
			children = (
				5321F1850F7AE57A00EC9E3A /* AppDelegate.h */,
				5321F1840F7AE57A00EC9E3A /* AppDelegate.m */,
				536EE47810B358610080A190 /* MapViewController.h */,
				536EE47910B358610080A190 /* MapViewController.m */,
				537DA6B81108F80B0045D54C /* DetailViewController.h */,
				537DA6B91108F80B0045D54C /* DetailViewController.m */,
				533D375910B329010057E53B /* SFAnnotation.h */,
				533D375A10B329010057E53B /* SFAnnotation.m */,
				534BB35010B4A47500C8BE22 /* BridgeAnnotation.h */,
				534BB35110B4A47500C8BE22 /* BridgeAnnotation.m */,
			);
			name = Classes;
			sourceTree = "<group>";
		};
		CB6C7CA411D53FDA00AC7FA8 /* images */ = {
			isa = PBXGroup;
			children = (
				E2CE21E4167BE2E1000EB508 /* BlueStickpin.png */,
				CB6C7CBD11D5400200AC7FA8 /* iTunesArtwork */,
				CB6C7CA511D53FDA00AC7FA8 /* Default.png */,
				6BDC8247167B1C7500DDC0C0 /* GreenPin.png */,
				CB6C7CA611D53FDA00AC7FA8 /* flag.png */,
				CB6C7CA711D53FDA00AC7FA8 /* GoldenGate.png */,
				CB6C7CA811D53FDA00AC7FA8 /* Icon-72.png */,
				CB6C7CA911D53FDA00AC7FA8 /* Icon-Small-50.png */,
				CB6C7CAA11D53FDA00AC7FA8 /* Icon-Small.png */,
				CB6C7CAB11D53FDA00AC7FA8 /* Icon-Small@2x.png */,
				CB6C7CAC11D53FDA00AC7FA8 /* Icon.png */,
				CB6C7CAD11D53FDA00AC7FA8 /* Icon@2x.png */,
				CB6C7CAF11D53FDA00AC7FA8 /* Location.png */,
				CB6C7CB011D53FDA00AC7FA8 /* SFIcon.png */,
			);
			path = images;
			sourceTree = "<group>";
		};
		E2AEC6A916793F980014CA6F /* MapKit2ArcGIS */ = {
			isa = PBXGroup;
			children = (
				E2AEC6AA16793F980014CA6F /* MapKit2ArcGIS.h */,
				E2AEC6AB16793F980014CA6F /* MKAnnotation.h */,
				E2AEC6AC16793F980014CA6F /* MKAnnotationView.h */,
				E2AEC6AD16793F980014CA6F /* MKAnnotationView.m */,
				E2AEC6AF16793F980014CA6F /* MKFoundation.h */,
				E2AEC6B016793F980014CA6F /* MKGeometry.h */,
				E2AEC6B116793F980014CA6F /* MKGeometry.m */,
				E2AEC6B216793F980014CA6F /* MKMapView.h */,
				E2AEC6B316793F980014CA6F /* MKMapView.m */,
				E2AEC6B416793F980014CA6F /* MKOverlay.h */,
				E2AEC6B516793F980014CA6F /* MKOverlay.m */,
				E2AEC6B616793F980014CA6F /* MKOverlayView.h */,
				E2AEC6B716793F980014CA6F /* MKOverlayView.m */,
				E2AEC6B816793F980014CA6F /* MKPinAnnotationView.h */,
				E2AEC6B916793F980014CA6F /* MKPinAnnotationView.m */,
				E2AEC6BA16793F980014CA6F /* MKTypes.h */,
				E2AEC6BB16793F980014CA6F /* MKUserLocation.h */,
				E2AEC6BC16793F980014CA6F /* MKUserLocation.m */,
				E2AEC6BD16793F980014CA6F /* MKUserTrackingMode.h */,
				E21FE515167BC1FB00A66463 /* AnnotationTemplate.h */,
				E21FE516167BC1FB00A66463 /* AnnotationTemplate.m */,
				E21FE510167BBED900A66463 /* AnnotationViewController.h */,
				E21FE511167BBED900A66463 /* AnnotationViewController.m */,
				E21FE512167BBED900A66463 /* AnnotationViewController.xib */,
			);
			name = MapKit2ArcGIS;
			path = ../MapKit2ArcGIS;
			sourceTree = "<group>";
		};
/* End PBXGroup section */

/* Begin PBXNativeTarget section */
		1D6058900D05DD3D006BFB54 /* MapCallouts */ = {
			isa = PBXNativeTarget;
			buildConfigurationList = 1D6058960D05DD3E006BFB54 /* Build configuration list for PBXNativeTarget "MapCallouts" */;
			buildPhases = (
				1D60588D0D05DD3D006BFB54 /* Resources */,
				1D60588E0D05DD3D006BFB54 /* Sources */,
				1D60588F0D05DD3D006BFB54 /* Frameworks */,
			);
			buildRules = (
			);
			dependencies = (
			);
			name = MapCallouts;
			productName = CPView;
			productReference = 1D6058910D05DD3D006BFB54 /* MapCallouts.app */;
			productType = "com.apple.product-type.application";
		};
/* End PBXNativeTarget section */

/* Begin PBXProject section */
		29B97313FDCFA39411CA2CEA /* Project object */ = {
			isa = PBXProject;
			buildConfigurationList = C01FCF4E08A954540054247B /* Build configuration list for PBXProject "MapCallouts" */;
			compatibilityVersion = "Xcode 3.1";
			developmentRegion = English;
			hasScannedForEncodings = 1;
			knownRegions = (
				English,
				Japanese,
				French,
				German,
				en,
			);
			mainGroup = 29B97314FDCFA39411CA2CEA /* CustomTemplate */;
			projectDirPath = "";
			projectRoot = "";
			targets = (
				1D6058900D05DD3D006BFB54 /* MapCallouts */,
			);
		};
/* End PBXProject section */

/* Begin PBXResourcesBuildPhase section */
		1D60588D0D05DD3D006BFB54 /* Resources */ = {
			isa = PBXResourcesBuildPhase;
			buildActionMask = 2147483647;
			files = (
				5321F18F0F7AE5BA00EC9E3A /* MainWindow.xib in Resources */,
				533D37F410B32D500057E53B /* MapViewController.xib in Resources */,
				537DA6BE1108F8460045D54C /* DetailViewController.xib in Resources */,
				CB8F294A11D176F900E84C56 /* ReadMe.txt in Resources */,
				CB6C7CB111D53FDA00AC7FA8 /* Default.png in Resources */,
				CB6C7CB211D53FDA00AC7FA8 /* flag.png in Resources */,
				CB6C7CB311D53FDA00AC7FA8 /* GoldenGate.png in Resources */,
				CB6C7CB411D53FDA00AC7FA8 /* Icon-72.png in Resources */,
				CB6C7CB511D53FDA00AC7FA8 /* Icon-Small-50.png in Resources */,
				CB6C7CB611D53FDA00AC7FA8 /* Icon-Small.png in Resources */,
				CB6C7CB711D53FDA00AC7FA8 /* Icon-Small@2x.png in Resources */,
				CB6C7CB811D53FDA00AC7FA8 /* Icon.png in Resources */,
				CB6C7CB911D53FDA00AC7FA8 /* Icon@2x.png in Resources */,
				CB6C7CBB11D53FDA00AC7FA8 /* Location.png in Resources */,
				CB6C7CBC11D53FDA00AC7FA8 /* SFIcon.png in Resources */,
				CB6C7CBE11D5400200AC7FA8 /* iTunesArtwork in Resources */,
				6BDC8248167B1C7500DDC0C0 /* GreenPin.png in Resources */,
				E21FE514167BBED900A66463 /* AnnotationViewController.xib in Resources */,
				E2CE21E5167BE2E1000EB508 /* BlueStickpin.png in Resources */,
			);
			runOnlyForDeploymentPostprocessing = 0;
		};
/* End PBXResourcesBuildPhase section */

/* Begin PBXSourcesBuildPhase section */
		1D60588E0D05DD3D006BFB54 /* Sources */ = {
			isa = PBXSourcesBuildPhase;
			buildActionMask = 2147483647;
			files = (
				6BDC828D1680F66B00DDC0C0 /* MKAnnotationView.m in Sources */,
				6BDC828E1680F66B00DDC0C0 /* MKPinAnnotationView.m in Sources */,
				E21FE517167BC2FE00A66463 /* AnnotationTemplate.m in Sources */,
				1D60589B0D05DD56006BFB54 /* main.m in Sources */,
				5321F1870F7AE57A00EC9E3A /* AppDelegate.m in Sources */,
				533D375B10B329010057E53B /* SFAnnotation.m in Sources */,
				536EE47A10B358610080A190 /* MapViewController.m in Sources */,
				534BB35210B4A47500C8BE22 /* BridgeAnnotation.m in Sources */,
				537DA6BA1108F80B0045D54C /* DetailViewController.m in Sources */,
				E2AEC6BF16793F980014CA6F /* MKGeometry.m in Sources */,
				E2AEC6C016793F980014CA6F /* MKMapView.m in Sources */,
				E2AEC6C116793F980014CA6F /* MKOverlay.m in Sources */,
				E2AEC6C216793F980014CA6F /* MKOverlayView.m in Sources */,
				E2AEC6C416793F980014CA6F /* MKUserLocation.m in Sources */,
				E21FE513167BBED900A66463 /* AnnotationViewController.m in Sources */,
			);
			runOnlyForDeploymentPostprocessing = 0;
		};
/* End PBXSourcesBuildPhase section */

/* Begin PBXVariantGroup section */
		5321F18D0F7AE5BA00EC9E3A /* MainWindow.xib */ = {
			isa = PBXVariantGroup;
			children = (
				5321F18E0F7AE5BA00EC9E3A /* en */,
			);
			name = MainWindow.xib;
			sourceTree = "<group>";
		};
		533D37F210B32D500057E53B /* MapViewController.xib */ = {
			isa = PBXVariantGroup;
			children = (
				533D37F310B32D500057E53B /* en */,
			);
			name = MapViewController.xib;
			sourceTree = "<group>";
		};
		537DA6BC1108F8460045D54C /* DetailViewController.xib */ = {
			isa = PBXVariantGroup;
			children = (
				537DA6BD1108F8460045D54C /* en */,
			);
			name = DetailViewController.xib;
			sourceTree = "<group>";
		};
/* End PBXVariantGroup section */

/* Begin XCBuildConfiguration section */
		1D6058940D05DD3E006BFB54 /* Debug */ = {
			isa = XCBuildConfiguration;
			buildSettings = {
				ALWAYS_SEARCH_USER_PATHS = NO;
				CODE_SIGN_RESOURCE_RULES_PATH = "";
				COPY_PHASE_STRIP = NO;
				FRAMEWORK_SEARCH_PATHS = "$(HOME)/Library/SDKs/ArcGIS/**";
				GCC_DYNAMIC_NO_PIC = NO;
				GCC_OPTIMIZATION_LEVEL = 0;
				GCC_PRECOMPILE_PREFIX_HEADER = YES;
				GCC_PREFIX_HEADER = Prefix.pch;
				INFOPLIST_FILE = Info.plist;
				OTHER_LDFLAGS = (
					"-all_load",
					"-ObjC",
					"-framework",
					ArcGIS,
				);
				PRODUCT_NAME = MapCallouts;
				SDKROOT = iphoneos;
			};
			name = Debug;
		};
		1D6058950D05DD3E006BFB54 /* Release */ = {
			isa = XCBuildConfiguration;
			buildSettings = {
				ALWAYS_SEARCH_USER_PATHS = NO;
				CODE_SIGN_RESOURCE_RULES_PATH = "";
				COPY_PHASE_STRIP = YES;
				FRAMEWORK_SEARCH_PATHS = "$(HOME)/Library/SDKs/ArcGIS/**";
				GCC_PRECOMPILE_PREFIX_HEADER = YES;
				GCC_PREFIX_HEADER = Prefix.pch;
				INFOPLIST_FILE = Info.plist;
				OTHER_LDFLAGS = (
					"-all_load",
					"-ObjC",
					"-framework",
					ArcGIS,
				);
				PRODUCT_NAME = MapCallouts;
				SDKROOT = iphoneos;
			};
			name = Release;
		};
		C01FCF4F08A954540054247B /* Debug */ = {
			isa = XCBuildConfiguration;
			buildSettings = {
				ARCHS = "$(ARCHS_STANDARD_32_BIT)";
				"CODE_SIGN_IDENTITY[sdk=iphoneos*]" = "iPhone Developer";
				GCC_C_LANGUAGE_STANDARD = c99;
				GCC_WARN_ABOUT_RETURN_TYPE = YES;
				GCC_WARN_UNUSED_VARIABLE = YES;
				IPHONEOS_DEPLOYMENT_TARGET = 3.2;
				ONLY_ACTIVE_ARCH = YES;
				PREBINDING = NO;
				SDKROOT = iphoneos4.0;
			};
			name = Debug;
		};
		C01FCF5008A954540054247B /* Release */ = {
			isa = XCBuildConfiguration;
			buildSettings = {
				ARCHS = "$(ARCHS_STANDARD_32_BIT)";
				"CODE_SIGN_IDENTITY[sdk=iphoneos*]" = "iPhone Developer";
				GCC_C_LANGUAGE_STANDARD = c99;
				GCC_WARN_ABOUT_RETURN_TYPE = YES;
				GCC_WARN_UNUSED_VARIABLE = YES;
				IPHONEOS_DEPLOYMENT_TARGET = 3.2;
				PREBINDING = NO;
				SDKROOT = iphoneos4.0;
			};
			name = Release;
		};
/* End XCBuildConfiguration section */

/* Begin XCConfigurationList section */
		1D6058960D05DD3E006BFB54 /* Build configuration list for PBXNativeTarget "MapCallouts" */ = {
			isa = XCConfigurationList;
			buildConfigurations = (
				1D6058940D05DD3E006BFB54 /* Debug */,
				1D6058950D05DD3E006BFB54 /* Release */,
			);
			defaultConfigurationIsVisible = 0;
			defaultConfigurationName = Release;
		};
		C01FCF4E08A954540054247B /* Build configuration list for PBXProject "MapCallouts" */ = {
			isa = XCConfigurationList;
			buildConfigurations = (
				C01FCF4F08A954540054247B /* Debug */,
				C01FCF5008A954540054247B /* Release */,
			);
			defaultConfigurationIsVisible = 0;
			defaultConfigurationName = Release;
		};
/* End XCConfigurationList section */
	};
	rootObject = 29B97313FDCFA39411CA2CEA /* Project object */;
}
